PODS:
  - AvoInspector (2.0.1)
  - Flutter (1.0.0)
  - flutter_avo_inspector (1.0.0):
    - AvoInspector (~> 2.0.1)
    - Flutter
    - IosAnalyticsDebugger (~> 1.2.3)
  - IosAnalyticsDebugger (1.2.4)
  - shared_preferences_foundation (0.0.1):
    - Flutter
    - FlutterMacOS

DEPENDENCIES:
  - Flutter (from `Flutter`)
  - flutter_avo_inspector (from `.symlinks/plugins/flutter_avo_inspector/ios`)
  - shared_preferences_foundation (from `.symlinks/plugins/shared_preferences_foundation/darwin`)

SPEC REPOS:
  trunk:
    - AvoInspector
    - IosAnalyticsDebugger

EXTERNAL SOURCES:
  Flutter:
    :path: Flutter
  flutter_avo_inspector:
    :path: ".symlinks/plugins/flutter_avo_inspector/ios"
  shared_preferences_foundation:
    :path: ".symlinks/plugins/shared_preferences_foundation/darwin"

SPEC CHECKSUMS:
  AvoInspector: ef72eb0b8eae380c986b14879e1f5da2ac490948
  Flutter: e0871f40cf51350855a761d2e70bf5af5b9b5de7
  flutter_avo_inspector: 8d3755073cf81745b05e5499e303f6845a1bd0ef
  IosAnalyticsDebugger: e2330530b510835f3fe3e3e717b7704c47317610
  shared_preferences_foundation: 9e1978ff2562383bd5676f64ec4e9aa8fa06a6f7

PODFILE CHECKSUM: c4c93c5f6502fe2754f48404d3594bf779584011

COCOAPODS: 1.16.2
